
Microsoft Visual Studio Solution File, Format Version 12.00
# Visual Studio Version 17
VisualStudioVersion = 17.8.34316.72
MinimumVisualStudioVersion = 10.0.40219.1
Project("{8BC9CEB8-8B4A-11D0-8D11-00A0C91BC942}") = "924-iofile", "924-iofile\924-iofile.vcxproj", "{A2BFD1A3-12FA-4283-B05C-70F957D3879F}"
EndProject
Project("{8BC9CEB8-8B4A-11D0-8D11-00A0C91BC942}") = "924-iofile-Exercice", "924-iofile-Exercice\924-iofile-Exercice.vcxproj", "{F619432B-15D9-4D44-8907-9AF550B57085}"
EndProject
Global
	GlobalSection(SolutionConfigurationPlatforms) = preSolution
		Debug|x64 = Debug|x64
		Debug|x86 = Debug|x86
		Release|x64 = Release|x64
		Release|x86 = Release|x86
	EndGlobalSection
	GlobalSection(ProjectConfigurationPlatforms) = postSolution
		{A2BFD1A3-12FA-4283-B05C-70F957D3879F}.Debug|x64.ActiveCfg = Debug|x64
		{A2BFD1A3-12FA-4283-B05C-70F957D3879F}.Debug|x64.Build.0 = Debug|x64
		{A2BFD1A3-12FA-4283-B05C-70F957D3879F}.Debug|x86.ActiveCfg = Debug|Win32
		{A2BFD1A3-12FA-4283-B05C-70F957D3879F}.Debug|x86.Build.0 = Debug|Win32
		{A2BFD1A3-12FA-4283-B05C-70F957D3879F}.Release|x64.ActiveCfg = Release|x64
		{A2BFD1A3-12FA-4283-B05C-70F957D3879F}.Release|x64.Build.0 = Release|x64
		{A2BFD1A3-12FA-4283-B05C-70F957D3879F}.Release|x86.ActiveCfg = Release|Win32
		{A2BFD1A3-12FA-4283-B05C-70F957D3879F}.Release|x86.Build.0 = Release|Win32
		{F619432B-15D9-4D44-8907-9AF550B57085}.Debug|x64.ActiveCfg = Debug|x64
		{F619432B-15D9-4D44-8907-9AF550B57085}.Debug|x64.Build.0 = Debug|x64
		{F619432B-15D9-4D44-8907-9AF550B57085}.Debug|x86.ActiveCfg = Debug|Win32
		{F619432B-15D9-4D44-8907-9AF550B57085}.Debug|x86.Build.0 = Debug|Win32
		{F619432B-15D9-4D44-8907-9AF550B57085}.Release|x64.ActiveCfg = Release|x64
		{F619432B-15D9-4D44-8907-9AF550B57085}.Release|x64.Build.0 = Release|x64
		{F619432B-15D9-4D44-8907-9AF550B57085}.Release|x86.ActiveCfg = Release|Win32
		{F619432B-15D9-4D44-8907-9AF550B57085}.Release|x86.Build.0 = Release|Win32
	EndGlobalSection
	GlobalSection(SolutionProperties) = preSolution
		HideSolutionNode = FALSE
	EndGlobalSection
	GlobalSection(ExtensibilityGlobals) = postSolution
		SolutionGuid = {584625B2-3F03-4B76-BC40-6D2297B452FD}
	EndGlobalSection
EndGlobal
